{
  "name": "veodl",
  "version": "1.12.1",
  "lockfileVersion": 3,
  "requires": true,
  "packages": {
    "": {
      "name": "veodl",
      "version": "1.12.1",
      "license": "MIT",
      "bin": {
        "veo": "bin/veo.js",
        "veodl": "bin/veo.js"
      },
      "devDependencies": {
        "@xterm/headless": "6.0.0"
      },
      "engines": {
        "node": ">=22"
      }
    },
    "node_modules/@xterm/headless": {
      "version": "6.0.0",
      "resolved": "https://registry.npmjs.org/@xterm/headless/-/headless-6.0.0.tgz",
      "integrity": "sha512-5Yj1QINYCyzrZtf8OFIHi47iQtI+0qYFPHmouEfG8dHNxbZ9Tb9YGSuLcsEwj9Z+OL75GJqPyJbyoFer80a2Hw==",
      "dev": true,
      "license": "MIT",
      "workspaces": [
        "addons/*"
      ]
    }
  }
}
